
Microsoft Visual Studio Solution File, Format Version 12.00
# Visual Studio Version 17
VisualStudioVersion = 17.13.35931.197 d17.13
MinimumVisualStudioVersion = 10.0.40219.1
Project("{FAE04EC0-301F-11D3-BF4B-00C04F79EFBC}") = "StudentManagement", "StudentManagement\StudentManagement.csproj", "{FC0046E7-D464-4E3B-9480-47B5DA09364E}"
EndProject
Global
	GlobalSection(SolutionConfigurationPlatforms) = preSolution
		Debug|Any CPU = Debug|Any CPU
		Release|Any CPU = Release|Any CPU
	EndGlobalSection
	GlobalSection(ProjectConfigurationPlatforms) = postSolution
		{FC0046E7-D464-4E3B-9480-47B5DA09364E}.Debug|Any CPU.ActiveCfg = Debug|Any CPU
		{FC0046E7-D464-4E3B-9480-47B5DA09364E}.Debug|Any CPU.Build.0 = Debug|Any CPU
		{FC0046E7-D464-4E3B-9480-47B5DA09364E}.Release|Any CPU.ActiveCfg = Release|Any CPU
		{FC0046E7-D464-4E3B-9480-47B5DA09364E}.Release|Any CPU.Build.0 = Release|Any CPU
	EndGlobalSection
	GlobalSection(SolutionProperties) = preSolution
		HideSolutionNode = FALSE
	EndGlobalSection
	GlobalSection(ExtensibilityGlobals) = postSolution
		SolutionGuid = {5929EABF-FED1-4265-8953-0885C2F64B7D}
	EndGlobalSection
EndGlobal
